
Microsoft Visual Studio Solution File, Format Version 12.00
# Visual Studio 15
VisualStudioVersion = 15.0.28307.779
MinimumVisualStudioVersion = 10.0.40219.1
Project("{FAE04EC0-301F-11D3-BF4B-00C04F79EFBC}") = "exercicios propeds", "exercicios propeds\exercicios propeds.csproj", "{57005F2C-BAD3-4C74-AF0B-365E6B5B09FA}"
EndProject
Global
	GlobalSection(SolutionConfigurationPlatforms) = preSolution
		Debug|Any CPU = Debug|Any CPU
		Release|Any CPU = Release|Any CPU
	EndGlobalSection
	GlobalSection(ProjectConfigurationPlatforms) = postSolution
		{57005F2C-BAD3-4C74-AF0B-365E6B5B09FA}.Debug|Any CPU.ActiveCfg = Debug|Any CPU
		{57005F2C-BAD3-4C74-AF0B-365E6B5B09FA}.Debug|Any CPU.Build.0 = Debug|Any CPU
		{57005F2C-BAD3-4C74-AF0B-365E6B5B09FA}.Release|Any CPU.ActiveCfg = Release|Any CPU
		{57005F2C-BAD3-4C74-AF0B-365E6B5B09FA}.Release|Any CPU.Build.0 = Release|Any CPU
	EndGlobalSection
	GlobalSection(SolutionProperties) = preSolution
		HideSolutionNode = FALSE
	EndGlobalSection
	GlobalSection(ExtensibilityGlobals) = postSolution
		SolutionGuid = {270BD427-3C3C-4DF7-AFA6-5B6855CFA5E5}
	EndGlobalSection
EndGlobal
